github.com/UliSotschok/goinsta v0.0.0-20210822124829-6ccb12345b5a h1:tzqW/ktNR1uI1t2h/xH8V0Q693a3qjpTulELhbFgRg8=
github.com/UliSotschok/goinsta v0.0.0-20210822124829-6ccb12345b5a/go.mod h1:vLuVv2LTLfTzkVf28uQ3gcqQlOFaEsse+LNVf0Bf8jk=
github.com/mroth/weightedrand v0.4.1 h1:rHcbUBopmi/3x4nnrvwGJBhX9d0vk+KgoLUZeDP6YyI=
github.com/mroth/weightedrand v0.4.1/go.mod h1:3p2SIcC8al1YMzGhAIoXD+r9olo/g/cdJgAD905gyNE=
github.com/tcnksm/go-input v0.0.0-20180404061846-548a7d7a8ee8/go.mod h1:IlWNj9v/13q7xFbaK4mbyzMNwrZLaWSHx/aibKIZuIg=
golang.org/x/crypto v0.0.0-20210817164053-32db794688a5/go.mod h1:GvvjBRRGRdwPK5ydBHafDWAxML/pGHZbMvKqRZ5+Abc=
golang.org/x/net v0.0.0-20210226172049-e18ecbb05110/go.mod h1:m0MpNAwzfU5UDzcl9v0D8zg8gWTRqZa9RBIspLL5mdg=
golang.org/x/sys v0.0.0-20201119102817-f84b799fce68/go.mod h1:h1NjWce9XRLGQEsW7wpKNCjG9DtNlClVuFLEZdDNbEs=
golang.org/x/sys v0.0.0-20210615035016-665e8c7367d1/go.mod h1:oPkhp1MJrh7nUepCBck5+mAzfO9JrbApNNgaTdGDITg=
golang.org/x/term v0.0.0-20201126162022-7de9c90e9dd1/go.mod h1:bj7SfCRtBDWHUb9snDiAeCFNEtKQo2Wmx5Cou7ajbmo=
golang.org/x/text v0.3.3/go.mod h1:5Zoc/QRtKVWzQhOtBMvqHzDpF6irO9z98xDceosuGiQ=
golang.org/x/tools v0.0.0-20180917221912-90fa682c2a6e/go.mod h1:n7NCudcB/nEzxVGmLbDWY5pfWTLqBcC2KZ6jyYvM4mQ=
